Microsoft Visual Studio Solution File, Format Version 12.00
# Visual Studio Version 17
VisualStudioVersion = 17.5.2.0
MinimumVisualStudioVersion = 10.0.40219.1
Project("{FAE04EC0-301F-11D3-BF4B-00C04F79EFBC}") = "C_Sharp", "01_C_Sharp\C_Sharp.csproj", "{9A497194-AA46-A989-C26C-A793FCBF174C}"
EndProject
Project("{FAE04EC0-301F-11D3-BF4B-00C04F79EFBC}") = "Input_Output", "02_Input_Output\Input_Output.csproj", "{97FD0A82-453F-1A38-25BF-D5352C5167BB}"
EndProject
Project("{FAE04EC0-301F-11D3-BF4B-00C04F79EFBC}") = "DataTypes", "03_DataTypes\DataTypes.csproj", "{38FE494E-091A-CCC1-6AFB-F0DEB862642B}"
EndProject
Project("{FAE04EC0-301F-11D3-BF4B-00C04F79EFBC}") = "Type_Conversions", "04_Type_Conversions\Type_Conversions.csproj", "{D8A967E6-9A72-8B3A-CFDF-C41390ED7C95}"
EndProject
Project("{FAE04EC0-301F-11D3-BF4B-00C04F79EFBC}") = "Operators", "05_Operators\Operators.csproj", "{6696A83E-236D-A800-A707-4F12742FD253}"
EndProject
Project("{FAE04EC0-301F-11D3-BF4B-00C04F79EFBC}") = "If_Else", "06_If_Else\If_Else.csproj", "{08B482AE-3EC8-861C-E3C9-55676B5E2DB2}"
EndProject
Project("{FAE04EC0-301F-11D3-BF4B-00C04F79EFBC}") = "07_FindNumberOfDigits", "07_FindNumberOfDigits\07_FindNumberOfDigits.csproj", "{165615AB-DF3F-37C6-1B5D-A8E4845ED8EC}"
EndProject
Project("{FAE04EC0-301F-11D3-BF4B-00C04F79EFBC}") = "Loops", "08_Loops\Loops.csproj", "{A34981B3-02F4-7FA9-90F7-B68104830438}"
EndProject
Project("{FAE04EC0-301F-11D3-BF4B-00C04F79EFBC}") = "Classes", "09_Classes\Classes.csproj", "{5F86DC21-E20A-74B7-9FCA-F2343AE9FD0B}"
EndProject
Project("{FAE04EC0-301F-11D3-BF4B-00C04F79EFBC}") = "10_ClassWithObjects", "10_ClassWithObjects\10_ClassWithObjects.csproj", "{694AF117-FA6B-F392-8771-942463E40D3C}"
EndProject
Project("{FAE04EC0-301F-11D3-BF4B-00C04F79EFBC}") = "ClassWithConstructor", "11_ClassWithConstructor\ClassWithConstructor.csproj", "{845ED15E-B127-AB6D-FBDB-CBCB7608523F}"
EndProject
Project("{FAE04EC0-301F-11D3-BF4B-00C04F79EFBC}") = "11_Encapsulation", "12_Encapsulation\11_Encapsulation.csproj", "{378A0ECB-A63C-E1F1-BF61-35B56CCB35E4}"
EndProject
Project("{FAE04EC0-301F-11D3-BF4B-00C04F79EFBC}") = "12_Inheritance", "13_Inheritance\12_Inheritance.csproj", "{D99E9AA0-017D-A572-982B-BA939CB25CE6}"
EndProject
Project("{FAE04EC0-301F-11D3-BF4B-00C04F79EFBC}") = "14_SetterGetterClass", "14_SetterGetterClass\14_SetterGetterClass.csproj", "{1E886835-86DE-91EA-BD41-725C13C97DE6}"
EndProject
Project("{FAE04EC0-301F-11D3-BF4B-00C04F79EFBC}") = "15_Inheritance2", "15_Inheritance2\15_Inheritance2.csproj", "{E4986FE6-02F8-B0B8-272B-077DB8688DD1}"
EndProject
Project("{FAE04EC0-301F-11D3-BF4B-00C04F79EFBC}") = "16_Polymorphism", "16_Polymorphism\16_Polymorphism.csproj", "{049282A2-44EB-DE60-1EAB-863E1E22DB0B}"
EndProject
Project("{FAE04EC0-301F-11D3-BF4B-00C04F79EFBC}") = "17_Abstraction", "17_Abstraction\17_Abstraction.csproj", "{970229ED-577C-2546-ADAE-EC7DC982C66C}"
EndProject
Project("{FAE04EC0-301F-11D3-BF4B-00C04F79EFBC}") = "18_Resursion", "18_Resursion\18_Resursion.csproj", "{3CC5D335-6921-1C19-B2ED-9607294E8745}"
EndProject
Global
	GlobalSection(SolutionConfigurationPlatforms) = preSolution
		Debug|Any CPU = Debug|Any CPU
		Release|Any CPU = Release|Any CPU
	EndGlobalSection
	GlobalSection(ProjectConfigurationPlatforms) = postSolution
		{9A497194-AA46-A989-C26C-A793FCBF174C}.Debug|Any CPU.ActiveCfg = Debug|Any CPU
		{9A497194-AA46-A989-C26C-A793FCBF174C}.Debug|Any CPU.Build.0 = Debug|Any CPU
		{9A497194-AA46-A989-C26C-A793FCBF174C}.Release|Any CPU.ActiveCfg = Release|Any CPU
		{9A497194-AA46-A989-C26C-A793FCBF174C}.Release|Any CPU.Build.0 = Release|Any CPU
		{97FD0A82-453F-1A38-25BF-D5352C5167BB}.Debug|Any CPU.ActiveCfg = Debug|Any CPU
		{97FD0A82-453F-1A38-25BF-D5352C5167BB}.Debug|Any CPU.Build.0 = Debug|Any CPU
		{97FD0A82-453F-1A38-25BF-D5352C5167BB}.Release|Any CPU.ActiveCfg = Release|Any CPU
		{97FD0A82-453F-1A38-25BF-D5352C5167BB}.Release|Any CPU.Build.0 = Release|Any CPU
		{38FE494E-091A-CCC1-6AFB-F0DEB862642B}.Debug|Any CPU.ActiveCfg = Debug|Any CPU
		{38FE494E-091A-CCC1-6AFB-F0DEB862642B}.Debug|Any CPU.Build.0 = Debug|Any CPU
		{38FE494E-091A-CCC1-6AFB-F0DEB862642B}.Release|Any CPU.ActiveCfg = Release|Any CPU
		{38FE494E-091A-CCC1-6AFB-F0DEB862642B}.Release|Any CPU.Build.0 = Release|Any CPU
		{D8A967E6-9A72-8B3A-CFDF-C41390ED7C95}.Debug|Any CPU.ActiveCfg = Debug|Any CPU
		{D8A967E6-9A72-8B3A-CFDF-C41390ED7C95}.Debug|Any CPU.Build.0 = Debug|Any CPU
		{D8A967E6-9A72-8B3A-CFDF-C41390ED7C95}.Release|Any CPU.ActiveCfg = Release|Any CPU
		{D8A967E6-9A72-8B3A-CFDF-C41390ED7C95}.Release|Any CPU.Build.0 = Release|Any CPU
		{6696A83E-236D-A800-A707-4F12742FD253}.Debug|Any CPU.ActiveCfg = Debug|Any CPU
		{6696A83E-236D-A800-A707-4F12742FD253}.Debug|Any CPU.Build.0 = Debug|Any CPU
		{6696A83E-236D-A800-A707-4F12742FD253}.Release|Any CPU.ActiveCfg = Release|Any CPU
		{6696A83E-236D-A800-A707-4F12742FD253}.Release|Any CPU.Build.0 = Release|Any CPU
		{08B482AE-3EC8-861C-E3C9-55676B5E2DB2}.Debug|Any CPU.ActiveCfg = Debug|Any CPU
		{08B482AE-3EC8-861C-E3C9-55676B5E2DB2}.Debug|Any CPU.Build.0 = Debug|Any CPU
		{08B482AE-3EC8-861C-E3C9-55676B5E2DB2}.Release|Any CPU.ActiveCfg = Release|Any CPU
		{08B482AE-3EC8-861C-E3C9-55676B5E2DB2}.Release|Any CPU.Build.0 = Release|Any CPU
		{165615AB-DF3F-37C6-1B5D-A8E4845ED8EC}.Debug|Any CPU.ActiveCfg = Debug|Any CPU
		{165615AB-DF3F-37C6-1B5D-A8E4845ED8EC}.Debug|Any CPU.Build.0 = Debug|Any CPU
		{165615AB-DF3F-37C6-1B5D-A8E4845ED8EC}.Release|Any CPU.ActiveCfg = Release|Any CPU
		{165615AB-DF3F-37C6-1B5D-A8E4845ED8EC}.Release|Any CPU.Build.0 = Release|Any CPU
		{A34981B3-02F4-7FA9-90F7-B68104830438}.Debug|Any CPU.ActiveCfg = Debug|Any CPU
		{A34981B3-02F4-7FA9-90F7-B68104830438}.Debug|Any CPU.Build.0 = Debug|Any CPU
		{A34981B3-02F4-7FA9-90F7-B68104830438}.Release|Any CPU.ActiveCfg = Release|Any CPU
		{A34981B3-02F4-7FA9-90F7-B68104830438}.Release|Any CPU.Build.0 = Release|Any CPU
		{5F86DC21-E20A-74B7-9FCA-F2343AE9FD0B}.Debug|Any CPU.ActiveCfg = Debug|Any CPU
		{5F86DC21-E20A-74B7-9FCA-F2343AE9FD0B}.Debug|Any CPU.Build.0 = Debug|Any CPU
		{5F86DC21-E20A-74B7-9FCA-F2343AE9FD0B}.Release|Any CPU.ActiveCfg = Release|Any CPU
		{5F86DC21-E20A-74B7-9FCA-F2343AE9FD0B}.Release|Any CPU.Build.0 = Release|Any CPU
		{694AF117-FA6B-F392-8771-942463E40D3C}.Debug|Any CPU.ActiveCfg = Debug|Any CPU
		{694AF117-FA6B-F392-8771-942463E40D3C}.Debug|Any CPU.Build.0 = Debug|Any CPU
		{694AF117-FA6B-F392-8771-942463E40D3C}.Release|Any CPU.ActiveCfg = Release|Any CPU
		{694AF117-FA6B-F392-8771-942463E40D3C}.Release|Any CPU.Build.0 = Release|Any CPU
		{845ED15E-B127-AB6D-FBDB-CBCB7608523F}.Debug|Any CPU.ActiveCfg = Debug|Any CPU
		{845ED15E-B127-AB6D-FBDB-CBCB7608523F}.Debug|Any CPU.Build.0 = Debug|Any CPU
		{845ED15E-B127-AB6D-FBDB-CBCB7608523F}.Release|Any CPU.ActiveCfg = Release|Any CPU
		{845ED15E-B127-AB6D-FBDB-CBCB7608523F}.Release|Any CPU.Build.0 = Release|Any CPU
		{378A0ECB-A63C-E1F1-BF61-35B56CCB35E4}.Debug|Any CPU.ActiveCfg = Debug|Any CPU
		{378A0ECB-A63C-E1F1-BF61-35B56CCB35E4}.Debug|Any CPU.Build.0 = Debug|Any CPU
		{378A0ECB-A63C-E1F1-BF61-35B56CCB35E4}.Release|Any CPU.ActiveCfg = Release|Any CPU
		{378A0ECB-A63C-E1F1-BF61-35B56CCB35E4}.Release|Any CPU.Build.0 = Release|Any CPU
		{D99E9AA0-017D-A572-982B-BA939CB25CE6}.Debug|Any CPU.ActiveCfg = Debug|Any CPU
		{D99E9AA0-017D-A572-982B-BA939CB25CE6}.Debug|Any CPU.Build.0 = Debug|Any CPU
		{D99E9AA0-017D-A572-982B-BA939CB25CE6}.Release|Any CPU.ActiveCfg = Release|Any CPU
		{D99E9AA0-017D-A572-982B-BA939CB25CE6}.Release|Any CPU.Build.0 = Release|Any CPU
		{1E886835-86DE-91EA-BD41-725C13C97DE6}.Debug|Any CPU.ActiveCfg = Debug|Any CPU
		{1E886835-86DE-91EA-BD41-725C13C97DE6}.Debug|Any CPU.Build.0 = Debug|Any CPU
		{1E886835-86DE-91EA-BD41-725C13C97DE6}.Release|Any CPU.ActiveCfg = Release|Any CPU
		{1E886835-86DE-91EA-BD41-725C13C97DE6}.Release|Any CPU.Build.0 = Release|Any CPU
		{E4986FE6-02F8-B0B8-272B-077DB8688DD1}.Debug|Any CPU.ActiveCfg = Debug|Any CPU
		{E4986FE6-02F8-B0B8-272B-077DB8688DD1}.Debug|Any CPU.Build.0 = Debug|Any CPU
		{E4986FE6-02F8-B0B8-272B-077DB8688DD1}.Release|Any CPU.ActiveCfg = Release|Any CPU
		{E4986FE6-02F8-B0B8-272B-077DB8688DD1}.Release|Any CPU.Build.0 = Release|Any CPU
		{049282A2-44EB-DE60-1EAB-863E1E22DB0B}.Debug|Any CPU.ActiveCfg = Debug|Any CPU
		{049282A2-44EB-DE60-1EAB-863E1E22DB0B}.Debug|Any CPU.Build.0 = Debug|Any CPU
		{049282A2-44EB-DE60-1EAB-863E1E22DB0B}.Release|Any CPU.ActiveCfg = Release|Any CPU
		{049282A2-44EB-DE60-1EAB-863E1E22DB0B}.Release|Any CPU.Build.0 = Release|Any CPU
		{970229ED-577C-2546-ADAE-EC7DC982C66C}.Debug|Any CPU.ActiveCfg = Debug|Any CPU
		{970229ED-577C-2546-ADAE-EC7DC982C66C}.Debug|Any CPU.Build.0 = Debug|Any CPU
		{970229ED-577C-2546-ADAE-EC7DC982C66C}.Release|Any CPU.ActiveCfg = Release|Any CPU
		{970229ED-577C-2546-ADAE-EC7DC982C66C}.Release|Any CPU.Build.0 = Release|Any CPU
		{3CC5D335-6921-1C19-B2ED-9607294E8745}.Debug|Any CPU.ActiveCfg = Debug|Any CPU
		{3CC5D335-6921-1C19-B2ED-9607294E8745}.Debug|Any CPU.Build.0 = Debug|Any CPU
		{3CC5D335-6921-1C19-B2ED-9607294E8745}.Release|Any CPU.ActiveCfg = Release|Any CPU
		{3CC5D335-6921-1C19-B2ED-9607294E8745}.Release|Any CPU.Build.0 = Release|Any CPU
	EndGlobalSection
	GlobalSection(SolutionProperties) = preSolution
		HideSolutionNode = FALSE
	EndGlobalSection
	GlobalSection(ExtensibilityGlobals) = postSolution
		SolutionGuid = {22717707-5F8A-4F56-B05E-EEDFC953547E}
	EndGlobalSection
EndGlobal
